
Microsoft Visual Studio Solution File, Format Version 12.00
# Visual Studio Version 16
VisualStudioVersion = 16.0.34114.132
MinimumVisualStudioVersion = 10.0.40219.1
Project("{888888A0-9F3D-457C-B088-3A5042F75D52}") = "List assesment", "List assesment\List assesment.pyproj", "{50AA8F6E-F825-43C5-9956-7E8EDB2F1EA4}"
EndProject
Global
	GlobalSection(SolutionConfigurationPlatforms) = preSolution
		Debug|Any CPU = Debug|Any CPU
		Release|Any CPU = Release|Any CPU
	EndGlobalSection
	GlobalSection(ProjectConfigurationPlatforms) = postSolution
		{50AA8F6E-F825-43C5-9956-7E8EDB2F1EA4}.Debug|Any CPU.ActiveCfg = Debug|Any CPU
		{50AA8F6E-F825-43C5-9956-7E8EDB2F1EA4}.Release|Any CPU.ActiveCfg = Release|Any CPU
	EndGlobalSection
	GlobalSection(SolutionProperties) = preSolution
		HideSolutionNode = FALSE
	EndGlobalSection
	GlobalSection(ExtensibilityGlobals) = postSolution
		SolutionGuid = {53862E06-1B02-4B4B-9F2F-CA2350BDDE44}
	EndGlobalSection
EndGlobal
